<?xml version="1.0" encoding="utf-8"?>
<Project ToolsVersion="4.0" xmlns="http://schemas.microsoft.com/developer/msbuild/2003">
  <ItemGroup>
    <Filter Include="Source Files">
      <UniqueIdentifier>{4FC737F1-C7A5-4376-A066-2A32D752A2FF}</UniqueIdentifier>
      <Extensions>cpp;c;cc;cxx;def;odl;idl;hpj;bat;asm;asmx</Extensions>
    </Filter>
    <Filter Include="Header Files">
      <UniqueIdentifier>{93995380-89BD-4b04-88EB-625FBE52EBFB}</UniqueIdentifier>
      <Extensions>h;hh;hpp;hxx;hm;inl;inc;ipp;xsd</Extensions>
    </Filter>
    <Filter Include="Resource Files">
      <UniqueIdentifier>{67DA6AB6-F800-4c08-8B7A-83BB121AAD01}</UniqueIdentifier>
      <Extensions>rc;ico;cur;bmp;dlg;rc2;rct;bin;rgs;gif;jpg;jpeg;jpe;resx;tiff;tif;png;wav;mfcribbon-ms</Extensions>
    </Filter>
    <Filter Include="Header Files\FSM">
      <UniqueIdentifier>{55634a6b-9b3f-4f46-9c5b-de5fbc947528}</UniqueIdentifier>
    </Filter>
    <Filter Include="Header Files\GameObjects">
      <UniqueIdentifier>{03ae6232-5d2f-4293-b758-d5cdcb57e83e}</UniqueIdentifier>
    </Filter>
    <Filter Include="Source Files\GameObjects">
      <UniqueIdentifier>{f4632e5b-19fe-4dcf-b39c-33323db68919}</UniqueIdentifier>
    </Filter>
    <Filter Include="Source Files\FSM">
      <UniqueIdentifier>{11a240d0-37c2-4aa1-86b9-70f6f7ecb39e}</UniqueIdentifier>
    </Filter>
    <Filter Include="Header Files\Debug">
      <UniqueIdentifier>{393b2dec-9a29-43b8-8dd9-ca068ea90f61}</UniqueIdentifier>
    </Filter>
    <Filter Include="Header Files\Utils">
      <UniqueIdentifier>{00e40516-3eec-47ac-884c-531e210a27e1}</UniqueIdentifier>
    </Filter>
    <Filter Include="Header Files\Animation">
      <UniqueIdentifier>{a2732bf7-eebd-42fd-b5a5-5c46878400d7}</UniqueIdentifier>
    </Filter>
    <Filter Include="Source Files\Animation">
      <UniqueIdentifier>{55610e2b-75a1-4c75-858f-41faf4aff3b8}</UniqueIdentifier>
    </Filter>
    <Filter Include="Source Files\Event">
      <UniqueIdentifier>{844e4d86-5a80-41fa-b007-f9623c1dae74}</UniqueIdentifier>
    </Filter>
    <Filter Include="Header Files\Events">
      <UniqueIdentifier>{65ce69ab-d9fb-4f2c-b50d-23ad68e65bdd}</UniqueIdentifier>
    </Filter>
    <Filter Include="Header Files\ComandPattern">
      <UniqueIdentifier>{767bc3d1-a03e-41db-b712-17c0c8c97668}</UniqueIdentifier>
    </Filter>
    <Filter Include="Source Files\CommandPattern">
      <UniqueIdentifier>{4a1841d1-2891-460f-b247-91e1966df6d2}</UniqueIdentifier>
    </Filter>
  </ItemGroup>
  <ItemGroup>
    <ClInclude Include="PlayerState.h">
      <Filter>Header Files\FSM</Filter>
    </ClInclude>
    <ClInclude Include="Player.h">
      <Filter>Header Files\GameObjects</Filter>
    </ClInclude>
    <ClInclude Include="Debug.h">
      <Filter>Header Files\Debug</Filter>
    </ClInclude>
    <ClInclude Include="ClimbDownPlayerState.h">
      <Filter>Header Files\FSM</Filter>
    </ClInclude>
    <ClInclude Include="ClimbPausePlayerState.h">
      <Filter>Header Files\FSM</Filter>
    </ClInclude>
    <ClInclude Include="ClimbUpPlayerState.h">
      <Filter>Header Files\FSM</Filter>
    </ClInclude>
    <ClInclude Include="RunRightPlayerState.h">
      <Filter>Header Files\FSM</Filter>
    </ClInclude>
    <ClInclude Include="Defines.h">
      <Filter>Header Files\Utils</Filter>
    </ClInclude>
    <ClInclude Include="AnimatedSprite.h">
      <Filter>Header Files\Animation</Filter>
    </ClInclude>
    <ClInclude Include="AccendLadderPlayerState.h">
      <Filter>Header Files\FSM</Filter>
    </ClInclude>
    <ClInclude Include="DecendLadderPlayerState.h">
      <Filter>Header Files\FSM</Filter>
    </ClInclude>
    <ClInclude Include="Events.h">
      <Filter>Header Files\Events</Filter>
    </ClInclude>
    <ClInclude Include="AttackPlayerState.h">
      <Filter>Header Files\FSM</Filter>
    </ClInclude>
    <ClInclude Include="IdlePlayerState.h">
      <Filter>Header Files\FSM</Filter>
    </ClInclude>
    <ClInclude Include="JumpPlayerState.h">
      <Filter>Header Files\FSM</Filter>
    </ClInclude>
    <ClInclude Include="ThrowAttackPlayerState.h">
      <Filter>Header Files\FSM</Filter>
    </ClInclude>
    <ClInclude Include="SlidePlayerState.h">
      <Filter>Header Files\FSM</Filter>
    </ClInclude>
    <ClInclude Include="DiedPlayerState.h">
      <Filter>Header Files\FSM</Filter>
    </ClInclude>
    <ClInclude Include="RevivedPlayerState.h">
      <Filter>Header Files\FSM</Filter>
    </ClInclude>
    <ClInclude Include="GlidePlayerState.h">
      <Filter>Header Files\FSM</Filter>
    </ClInclude>
    <ClInclude Include="JumpThrowAttackPlayerState.h">
      <Filter>Header Files\FSM</Filter>
    </ClInclude>
    <ClInclude Include="JumpAttackPlayerState.h">
      <Filter>Header Files\FSM</Filter>
    </ClInclude>
    <ClInclude Include="CommandClasses.h">
      <Filter>Header Files\ComandPattern</Filter>
    </ClInclude>
    <ClInclude Include="ICommand.h">
      <Filter>Header Files\ComandPattern</Filter>
    </ClInclude>
    <ClInclude Include="InputHandler.h">
      <Filter>Header Files\ComandPattern</Filter>
    </ClInclude>
    <ClInclude Include="MacroCommand.h">
      <Filter>Header Files\ComandPattern</Filter>
    </ClInclude>
  </ItemGroup>
  <ItemGroup>
    <ClCompile Include="Player.cpp">
      <Filter>Source Files\GameObjects</Filter>
    </ClCompile>
    <ClCompile Include="IdlePlayerState.cpp">
      <Filter>Source Files\FSM</Filter>
    </ClCompile>
    <ClCompile Include="main.cpp">
      <Filter>Source Files</Filter>
    </ClCompile>
    <ClCompile Include="RunRightPlayerState.cpp">
      <Filter>Source Files\FSM</Filter>
    </ClCompile>
    <ClCompile Include="ClimbUpPlayerState.cpp">
      <Filter>Source Files\FSM</Filter>
    </ClCompile>
    <ClCompile Include="ClimbPausePlayerState.cpp">
      <Filter>Source Files\FSM</Filter>
    </ClCompile>
    <ClCompile Include="ClimbDownPlayerState.cpp">
      <Filter>Source Files\FSM</Filter>
    </ClCompile>
    <ClCompile Include="AnimatedSprite.cpp">
      <Filter>Source Files\Animation</Filter>
    </ClCompile>
    <ClCompile Include="AccendLadderPlayerState.cpp">
      <Filter>Source Files\FSM</Filter>
    </ClCompile>
    <ClCompile Include="DecendLadderPlayerState.cpp">
      <Filter>Source Files\FSM</Filter>
    </ClCompile>
    <ClCompile Include="Events.cpp">
      <Filter>Source Files\Event</Filter>
    </ClCompile>
    <ClCompile Include="AttackPlayerState.cpp">
      <Filter>Source Files\FSM</Filter>
    </ClCompile>
    <ClCompile Include="JumpPlayerState.cpp">
      <Filter>Source Files\FSM</Filter>
    </ClCompile>
    <ClCompile Include="ThrowAttackPlayerState.cpp">
      <Filter>Source Files\FSM</Filter>
    </ClCompile>
    <ClCompile Include="SlidePlayerState.cpp">
      <Filter>Source Files\FSM</Filter>
    </ClCompile>
    <ClCompile Include="DiedPlayerState.cpp">
      <Filter>Source Files\FSM</Filter>
    </ClCompile>
    <ClCompile Include="RevivedPlayerState.cpp">
      <Filter>Source Files\FSM</Filter>
    </ClCompile>
    <ClCompile Include="GlidePlayerState.cpp">
      <Filter>Source Files\FSM</Filter>
    </ClCompile>
    <ClCompile Include="JumpAttackPlayerState.cpp">
      <Filter>Source Files\FSM</Filter>
    </ClCompile>
    <ClCompile Include="JumpThrowAttackPlayerState.cpp">
      <Filter>Source Files\FSM</Filter>
    </ClCompile>
    <ClCompile Include="MacroCommand.cpp">
      <Filter>Source Files\CommandPattern</Filter>
    </ClCompile>
  </ItemGroup>
  <ItemGroup>
    <None Include="..\README.md" />
  </ItemGroup>
</Project>